// !$*UTF8*$!
{
	archiveVersion = 1;
	classes = {
	};
	objectVersion = 50;
	objects = {

/* Begin PBXBuildFile section */
		044DDB01221D7E2300D712C1 /* API.swift in Sources */ = {isa = PBXBuildFile; fileRef = 044DDB00221D7E2300D712C1 /* API.swift */; };
		046290F3220990AF002356A7 /* AppDelegate.swift in Sources */ = {isa = PBXBuildFile; fileRef = 046290F2220990AF002356A7 /* AppDelegate.swift */; };
		046290F5220990AF002356A7 /* DetailsViewController.swift in Sources */ = {isa = PBXBuildFile; fileRef = 046290F4220990AF002356A7 /* DetailsViewController.swift */; };
		046290F8220990AF002356A7 /* Main.storyboard in Resources */ = {isa = PBXBuildFile; fileRef = 046290F6220990AF002356A7 /* Main.storyboard */; };
		046290FB220990AF002356A7 /* moviesTMDB.xcdatamodeld in Sources */ = {isa = PBXBuildFile; fileRef = 046290F9220990AF002356A7 /* moviesTMDB.xcdatamodeld */; };
		046290FD220990B3002356A7 /* Assets.xcassets in Resources */ = {isa = PBXBuildFile; fileRef = 046290FC220990B3002356A7 /* Assets.xcassets */; };
		04629100220990B3002356A7 /* LaunchScreen.storyboard in Resources */ = {isa = PBXBuildFile; fileRef = 046290FE220990B3002356A7 /* LaunchScreen.storyboard */; };
		04629108220993F0002356A7 /* TopMoviesTableViewController.swift in Sources */ = {isa = PBXBuildFile; fileRef = 04629107220993F0002356A7 /* TopMoviesTableViewController.swift */; };
		0462910E220B163D002356A7 /* CustomMovieCell.swift in Sources */ = {isa = PBXBuildFile; fileRef = 0462910D220B163D002356A7 /* CustomMovieCell.swift */; };
		04629110220B165D002356A7 /* movieCell.xib in Resources */ = {isa = PBXBuildFile; fileRef = 0462910F220B165D002356A7 /* movieCell.xib */; };
		92200CE3D4839F51EBC85E99 /* Pods_moviesTMDB.framework in Frameworks */ = {isa = PBXBuildFile; fileRef = B82F3B2AEB4FEA452AB09F2D /* Pods_moviesTMDB.framework */; };
/* End PBXBuildFile section */

/* Begin PBXFileReference section */
		044DDB00221D7E2300D712C1 /* API.swift */ = {isa = PBXFileReference; lastKnownFileType = sourcecode.swift; path = API.swift; sourceTree = "<group>"; };
		046290EF220990AF002356A7 /* moviesTMDB.app */ = {isa = PBXFileReference; explicitFileType = wrapper.application; includeInIndex = 0; path = moviesTMDB.app; sourceTree = BUILT_PRODUCTS_DIR; };
		046290F2220990AF002356A7 /* AppDelegate.swift */ = {isa = PBXFileReference; lastKnownFileType = sourcecode.swift; path = AppDelegate.swift; sourceTree = "<group>"; };
		046290F4220990AF002356A7 /* DetailsViewController.swift */ = {isa = PBXFileReference; lastKnownFileType = sourcecode.swift; path = DetailsViewController.swift; sourceTree = "<group>"; };
		046290F7220990AF002356A7 /* Base */ = {isa = PBXFileReference; lastKnownFileType = file.storyboard; name = Base; path = Base.lproj/Main.storyboard; sourceTree = "<group>"; };
		046290FA220990AF002356A7 /* moviesTMDB.xcdatamodel */ = {isa = PBXFileReference; lastKnownFileType = wrapper.xcdatamodel; path = moviesTMDB.xcdatamodel; sourceTree = "<group>"; };
		046290FC220990B3002356A7 /* Assets.xcassets */ = {isa = PBXFileReference; lastKnownFileType = folder.assetcatalog; path = Assets.xcassets; sourceTree = "<group>"; };
		046290FF220990B3002356A7 /* Base */ = {isa = PBXFileReference; lastKnownFileType = file.storyboard; name = Base; path = Base.lproj/LaunchScreen.storyboard; sourceTree = "<group>"; };
		04629101220990B3002356A7 /* Info.plist */ = {isa = PBXFileReference; lastKnownFileType = text.plist.xml; path = Info.plist; sourceTree = "<group>"; };
		04629107220993F0002356A7 /* TopMoviesTableViewController.swift */ = {isa = PBXFileReference; lastKnownFileType = sourcecode.swift; path = TopMoviesTableViewController.swift; sourceTree = "<group>"; };
		0462910D220B163D002356A7 /* CustomMovieCell.swift */ = {isa = PBXFileReference; fileEncoding = 4; lastKnownFileType = sourcecode.swift; path = CustomMovieCell.swift; sourceTree = "<group>"; };
		0462910F220B165D002356A7 /* movieCell.xib */ = {isa = PBXFileReference; fileEncoding = 4; lastKnownFileType = file.xib; path = movieCell.xib; sourceTree = "<group>"; };
		1D9C159C303A5EE13CE09EA3 /* Pods-moviesTMDB.release.xcconfig */ = {isa = PBXFileReference; includeInIndex = 1; lastKnownFileType = text.xcconfig; name = "Pods-moviesTMDB.release.xcconfig"; path = "Pods/Target Support Files/Pods-moviesTMDB/Pods-moviesTMDB.release.xcconfig"; sourceTree = "<group>"; };
		7469C4DFC79E07126E928F8F /* Pods-moviesTMDB.debug.xcconfig */ = {isa = PBXFileReference; includeInIndex = 1; lastKnownFileType = text.xcconfig; name = "Pods-moviesTMDB.debug.xcconfig"; path = "Pods/Target Support Files/Pods-moviesTMDB/Pods-moviesTMDB.debug.xcconfig"; sourceTree = "<group>"; };
		B82F3B2AEB4FEA452AB09F2D /* Pods_moviesTMDB.framework */ = {isa = PBXFileReference; explicitFileType = wrapper.framework; includeInIndex = 0; path = Pods_moviesTMDB.framework; sourceTree = BUILT_PRODUCTS_DIR; };
/* End PBXFileReference section */

/* Begin PBXFrameworksBuildPhase section */
		046290EC220990AF002356A7 /* Frameworks */ = {
			isa = PBXFrameworksBuildPhase;
			buildActionMask = 2147483647;
			files = (
				92200CE3D4839F51EBC85E99 /* Pods_moviesTMDB.framework in Frameworks */,
			);
			runOnlyForDeploymentPostprocessing = 0;
		};
/* End PBXFrameworksBuildPhase section */

/* Begin PBXGroup section */
		046290E6220990AF002356A7 = {
			isa = PBXGroup;
			children = (
				046290F1220990AF002356A7 /* moviesTMDB */,
				046290F0220990AF002356A7 /* Products */,
				172306543D9D135B3F814963 /* Pods */,
				8298593AFC0E49D15EE008E6 /* Frameworks */,
			);
			sourceTree = "<group>";
		};
		046290F0220990AF002356A7 /* Products */ = {
			isa = PBXGroup;
			children = (
				046290EF220990AF002356A7 /* moviesTMDB.app */,
			);
			name = Products;
			sourceTree = "<group>";
		};
		046290F1220990AF002356A7 /* moviesTMDB */ = {
			isa = PBXGroup;
			children = (
				046290F2220990AF002356A7 /* AppDelegate.swift */,
				046290F4220990AF002356A7 /* DetailsViewController.swift */,
				046290F6220990AF002356A7 /* Main.storyboard */,
				046290FC220990B3002356A7 /* Assets.xcassets */,
				046290FE220990B3002356A7 /* LaunchScreen.storyboard */,
				04629101220990B3002356A7 /* Info.plist */,
				046290F9220990AF002356A7 /* moviesTMDB.xcdatamodeld */,
				04629107220993F0002356A7 /* TopMoviesTableViewController.swift */,
				0462910D220B163D002356A7 /* CustomMovieCell.swift */,
				0462910F220B165D002356A7 /* movieCell.xib */,
				044DDB00221D7E2300D712C1 /* API.swift */,
			);
			path = moviesTMDB;
			sourceTree = "<group>";
		};
		172306543D9D135B3F814963 /* Pods */ = {
			isa = PBXGroup;
			children = (
				7469C4DFC79E07126E928F8F /* Pods-moviesTMDB.debug.xcconfig */,
				1D9C159C303A5EE13CE09EA3 /* Pods-moviesTMDB.release.xcconfig */,
			);
			name = Pods;
			sourceTree = "<group>";
		};
		8298593AFC0E49D15EE008E6 /* Frameworks */ = {
			isa = PBXGroup;
			children = (
				B82F3B2AEB4FEA452AB09F2D /* Pods_moviesTMDB.framework */,
			);
			name = Frameworks;
			sourceTree = "<group>";
		};
/* End PBXGroup section */

/* Begin PBXNativeTarget section */
		046290EE220990AF002356A7 /* moviesTMDB */ = {
			isa = PBXNativeTarget;
			buildConfigurationList = 04629104220990B3002356A7 /* Build configuration list for PBXNativeTarget "moviesTMDB" */;
			buildPhases = (
				2BE192ADFADBB7A6D3BF1402 /* [CP] Check Pods Manifest.lock */,
				046290EB220990AF002356A7 /* Sources */,
				046290EC220990AF002356A7 /* Frameworks */,
				046290ED220990AF002356A7 /* Resources */,
				4F0F323C04EEFA458D2D8B6F /* [CP] Embed Pods Frameworks */,
			);
			buildRules = (
			);
			dependencies = (
			);
			name = moviesTMDB;
			productName = moviesTMDB;
			productReference = 046290EF220990AF002356A7 /* moviesTMDB.app */;
			productType = "com.apple.product-type.application";
		};
/* End PBXNativeTarget section */

/* Begin PBXProject section */
		046290E7220990AF002356A7 /* Project object */ = {
			isa = PBXProject;
			attributes = {
				LastSwiftUpdateCheck = 1010;
				LastUpgradeCheck = 1010;
				ORGANIZATIONNAME = yosra;
				TargetAttributes = {
					046290EE220990AF002356A7 = {
						CreatedOnToolsVersion = 10.1;
					};
				};
			};
			buildConfigurationList = 046290EA220990AF002356A7 /* Build configuration list for PBXProject "moviesTMDB" */;
			compatibilityVersion = "Xcode 9.3";
			developmentRegion = en;
			hasScannedForEncodings = 0;
			knownRegions = (
				en,
				Base,
			);
			mainGroup = 046290E6220990AF002356A7;
			productRefGroup = 046290F0220990AF002356A7 /* Products */;
			projectDirPath = "";
			projectRoot = "";
			targets = (
				046290EE220990AF002356A7 /* moviesTMDB */,
			);
		};
/* End PBXProject section */

/* Begin PBXResourcesBuildPhase section */
		046290ED220990AF002356A7 /* Resources */ = {
			isa = PBXResourcesBuildPhase;
			buildActionMask = 2147483647;
			files = (
				04629100220990B3002356A7 /* LaunchScreen.storyboard in Resources */,
				04629110220B165D002356A7 /* movieCell.xib in Resources */,
				046290FD220990B3002356A7 /* Assets.xcassets in Resources */,
				046290F8220990AF002356A7 /* Main.storyboard in Resources */,
			);
			runOnlyForDeploymentPostprocessing = 0;
		};
/* End PBXResourcesBuildPhase section */

/* Begin PBXShellScriptBuildPhase section */
		2BE192ADFADBB7A6D3BF1402 /* [CP] Check Pods Manifest.lock */ = {
			isa = PBXShellScriptBuildPhase;
			buildActionMask = 2147483647;
			files = (
			);
			inputFileListPaths = (
			);
			inputPaths = (
				"${PODS_PODFILE_DIR_PATH}/Podfile.lock",
				"${PODS_ROOT}/Manifest.lock",
			);
			name = "[CP] Check Pods Manifest.lock";
			outputFileListPaths = (
			);
			outputPaths = (
				"$(DERIVED_FILE_DIR)/Pods-moviesTMDB-checkManifestLockResult.txt",
			);
			runOnlyForDeploymentPostprocessing = 0;
			shellPath = /bin/sh;
			shellScript = "diff \"${PODS_PODFILE_DIR_PATH}/Podfile.lock\" \"${PODS_ROOT}/Manifest.lock\" > /dev/null\nif [ $? != 0 ] ; then\n    # print error to STDERR\n    echo \"error: The sandbox is not in sync with the Podfile.lock. Run 'pod install' or update your CocoaPods installation.\" >&2\n    exit 1\nfi\n# This output is used by Xcode 'outputs' to avoid re-running this script phase.\necho \"SUCCESS\" > \"${SCRIPT_OUTPUT_FILE_0}\"\n";
			showEnvVarsInLog = 0;
		};
		4F0F323C04EEFA458D2D8B6F /* [CP] Embed Pods Frameworks */ = {
			isa = PBXShellScriptBuildPhase;
			buildActionMask = 2147483647;
			files = (
			);
			inputFileListPaths = (
			);
			inputPaths = (
				"${SRCROOT}/Pods/Target Support Files/Pods-moviesTMDB/Pods-moviesTMDB-frameworks.sh",
				"${BUILT_PRODUCTS_DIR}/Alamofire/Alamofire.framework",
				"${BUILT_PRODUCTS_DIR}/Groot/Groot.framework",
				"${BUILT_PRODUCTS_DIR}/SVProgressHUD/SVProgressHUD.framework",
				"${BUILT_PRODUCTS_DIR}/SwiftyJSON/SwiftyJSON.framework",
			);
			name = "[CP] Embed Pods Frameworks";
			outputFileListPaths = (
			);
			outputPaths = (
				"${TARGET_BUILD_DIR}/${FRAMEWORKS_FOLDER_PATH}/Alamofire.framework",
				"${TARGET_BUILD_DIR}/${FRAMEWORKS_FOLDER_PATH}/Groot.framework",
				"${TARGET_BUILD_DIR}/${FRAMEWORKS_FOLDER_PATH}/SVProgressHUD.framework",
				"${TARGET_BUILD_DIR}/${FRAMEWORKS_FOLDER_PATH}/SwiftyJSON.framework",
			);
			runOnlyForDeploymentPostprocessing = 0;
			shellPath = /bin/sh;
			shellScript = "\"${SRCROOT}/Pods/Target Support Files/Pods-moviesTMDB/Pods-moviesTMDB-frameworks.sh\"\n";
			showEnvVarsInLog = 0;
		};
/* End PBXShellScriptBuildPhase section */

/* Begin PBXSourcesBuildPhase section */
		046290EB220990AF002356A7 /* Sources */ = {
			isa = PBXSourcesBuildPhase;
			buildActionMask = 2147483647;
			files = (
				0462910E220B163D002356A7 /* CustomMovieCell.swift in Sources */,
				046290FB220990AF002356A7 /* moviesTMDB.xcdatamodeld in Sources */,
				046290F5220990AF002356A7 /* DetailsViewController.swift in Sources */,
				04629108220993F0002356A7 /* TopMoviesTableViewController.swift in Sources */,
				044DDB01221D7E2300D712C1 /* API.swift in Sources */,
				046290F3220990AF002356A7 /* AppDelegate.swift in Sources */,
			);
			runOnlyForDeploymentPostprocessing = 0;
		};
/* End PBXSourcesBuildPhase section */

/* Begin PBXVariantGroup section */
		046290F6220990AF002356A7 /* Main.storyboard */ = {
			isa = PBXVariantGroup;
			children = (
				046290F7220990AF002356A7 /* Base */,
			);
			name = Main.storyboard;
			sourceTree = "<group>";
		};
		046290FE220990B3002356A7 /* LaunchScreen.storyboard */ = {
			isa = PBXVariantGroup;
			children = (
				046290FF220990B3002356A7 /* Base */,
			);
			name = LaunchScreen.storyboard;
			sourceTree = "<group>";
		};
/* End PBXVariantGroup section */

/* Begin XCBuildConfiguration section */
		04629102220990B3002356A7 /* Debug */ = {
			isa = XCBuildConfiguration;
			buildSettings = {
				ALWAYS_SEARCH_USER_PATHS = NO;
				CLANG_ANALYZER_NONNULL = YES;
				CLANG_ANALYZER_NUMBER_OBJECT_CONVERSION = YES_AGGRESSIVE;
				CLANG_CXX_LANGUAGE_STANDARD = "gnu++14";
				CLANG_CXX_LIBRARY = "libc++";
				CLANG_ENABLE_MODULES = YES;
				CLANG_ENABLE_OBJC_ARC = YES;
				CLANG_ENABLE_OBJC_WEAK = YES;
				CLANG_WARN_BLOCK_CAPTURE_AUTORELEASING = YES;
				CLANG_WARN_BOOL_CONVERSION = YES;
				CLANG_WARN_COMMA = YES;
				CLANG_WARN_CONSTANT_CONVERSION = YES;
				CLANG_WARN_DEPRECATED_OBJC_IMPLEMENTATIONS = YES;
				CLANG_WARN_DIRECT_OBJC_ISA_USAGE = YES_ERROR;
				CLANG_WARN_DOCUMENTATION_COMMENTS = YES;
				CLANG_WARN_EMPTY_BODY = YES;
				CLANG_WARN_ENUM_CONVERSION = YES;
				CLANG_WARN_INFINITE_RECURSION = YES;
				CLANG_WARN_INT_CONVERSION = YES;
				CLANG_WARN_NON_LITERAL_NULL_CONVERSION = YES;
				CLANG_WARN_OBJC_IMPLICIT_RETAIN_SELF = YES;
				CLANG_WARN_OBJC_LITERAL_CONVERSION = YES;
				CLANG_WARN_OBJC_ROOT_CLASS = YES_ERROR;
				CLANG_WARN_RANGE_LOOP_ANALYSIS = YES;
				CLANG_WARN_STRICT_PROTOTYPES = YES;
				CLANG_WARN_SUSPICIOUS_MOVE = YES;
				CLANG_WARN_UNGUARDED_AVAILABILITY = YES_AGGRESSIVE;
				CLANG_WARN_UNREACHABLE_CODE = YES;
				CLANG_WARN__DUPLICATE_METHOD_MATCH = YES;
				CODE_SIGN_IDENTITY = "iPhone Developer";
				COPY_PHASE_STRIP = NO;
				DEBUG_INFORMATION_FORMAT = dwarf;
				ENABLE_STRICT_OBJC_MSGSEND = YES;
				ENABLE_TESTABILITY = YES;
				GCC_C_LANGUAGE_STANDARD = gnu11;
				GCC_DYNAMIC_NO_PIC = NO;
				GCC_NO_COMMON_BLOCKS = YES;
				GCC_OPTIMIZATION_LEVEL = 0;
				GCC_PREPROCESSOR_DEFINITIONS = (
					"DEBUG=1",
					"$(inherited)",
				);
				GCC_WARN_64_TO_32_BIT_CONVERSION = YES;
				GCC_WARN_ABOUT_RETURN_TYPE = YES_ERROR;
				GCC_WARN_UNDECLARED_SELECTOR = YES;
				GCC_WARN_UNINITIALIZED_AUTOS = YES_AGGRESSIVE;
				GCC_WARN_UNUSED_FUNCTION = YES;
				GCC_WARN_UNUSED_VARIABLE = YES;
				IPHONEOS_DEPLOYMENT_TARGET = 12.1;
				MTL_ENABLE_DEBUG_INFO = INCLUDE_SOURCE;
				MTL_FAST_MATH = YES;
				ONLY_ACTIVE_ARCH = YES;
				SDKROOT = iphoneos;
				SWIFT_ACTIVE_COMPILATION_CONDITIONS = DEBUG;
				SWIFT_OPTIMIZATION_LEVEL = "-Onone";
			};
			name = Debug;
		};
		04629103220990B3002356A7 /* Release */ = {
			isa = XCBuildConfiguration;
			buildSettings = {
				ALWAYS_SEARCH_USER_PATHS = NO;
				CLANG_ANALYZER_NONNULL = YES;
				CLANG_ANALYZER_NUMBER_OBJECT_CONVERSION = YES_AGGRESSIVE;
				CLANG_CXX_LANGUAGE_STANDARD = "gnu++14";
				CLANG_CXX_LIBRARY = "libc++";
				CLANG_ENABLE_MODULES = YES;
				CLANG_ENABLE_OBJC_ARC = YES;
				CLANG_ENABLE_OBJC_WEAK = YES;
				CLANG_WARN_BLOCK_CAPTURE_AUTORELEASING = YES;
				CLANG_WARN_BOOL_CONVERSION = YES;
				CLANG_WARN_COMMA = YES;
				CLANG_WARN_CONSTANT_CONVERSION = YES;
				CLANG_WARN_DEPRECATED_OBJC_IMPLEMENTATIONS = YES;
				CLANG_WARN_DIRECT_OBJC_ISA_USAGE = YES_ERROR;
				CLANG_WARN_DOCUMENTATION_COMMENTS = YES;
				CLANG_WARN_EMPTY_BODY = YES;
				CLANG_WARN_ENUM_CONVERSION = YES;
				CLANG_WARN_INFINITE_RECURSION = YES;
				CLANG_WARN_INT_CONVERSION = YES;
				CLANG_WARN_NON_LITERAL_NULL_CONVERSION = YES;
				CLANG_WARN_OBJC_IMPLICIT_RETAIN_SELF = YES;
				CLANG_WARN_OBJC_LITERAL_CONVERSION = YES;
				CLANG_WARN_OBJC_ROOT_CLASS = YES_ERROR;
				CLANG_WARN_RANGE_LOOP_ANALYSIS = YES;
				CLANG_WARN_STRICT_PROTOTYPES = YES;
				CLANG_WARN_SUSPICIOUS_MOVE = YES;
				CLANG_WARN_UNGUARDED_AVAILABILITY = YES_AGGRESSIVE;
				CLANG_WARN_UNREACHABLE_CODE = YES;
				CLANG_WARN__DUPLICATE_METHOD_MATCH = YES;
				CODE_SIGN_IDENTITY = "iPhone Developer";
				COPY_PHASE_STRIP = NO;
				DEBUG_INFORMATION_FORMAT = "dwarf-with-dsym";
				ENABLE_NS_ASSERTIONS = NO;
				ENABLE_STRICT_OBJC_MSGSEND = YES;
				GCC_C_LANGUAGE_STANDARD = gnu11;
				GCC_NO_COMMON_BLOCKS = YES;
				GCC_WARN_64_TO_32_BIT_CONVERSION = YES;
				GCC_WARN_ABOUT_RETURN_TYPE = YES_ERROR;
				GCC_WARN_UNDECLARED_SELECTOR = YES;
				GCC_WARN_UNINITIALIZED_AUTOS = YES_AGGRESSIVE;
				GCC_WARN_UNUSED_FUNCTION = YES;
				GCC_WARN_UNUSED_VARIABLE = YES;
				IPHONEOS_DEPLOYMENT_TARGET = 12.1;
				MTL_ENABLE_DEBUG_INFO = NO;
				MTL_FAST_MATH = YES;
				SDKROOT = iphoneos;
				SWIFT_COMPILATION_MODE = wholemodule;
				SWIFT_OPTIMIZATION_LEVEL = "-O";
				VALIDATE_PRODUCT = YES;
			};
			name = Release;
		};
		04629105220990B3002356A7 /* Debug */ = {
			isa = XCBuildConfiguration;
			baseConfigurationReference = 7469C4DFC79E07126E928F8F /* Pods-moviesTMDB.debug.xcconfig */;
			buildSettings = {
				ASSETCATALOG_COMPILER_APPICON_NAME = AppIcon;
				CODE_SIGN_STYLE = Automatic;
				DEVELOPMENT_TEAM = 3NMBA2WU8N;
				INFOPLIST_FILE = moviesTMDB/Info.plist;
				LD_RUNPATH_SEARCH_PATHS = (
					"$(inherited)",
					"@executable_path/Frameworks",
				);
				PRODUCT_BUNDLE_IDENTIFIER = yosra.moviesTMDB;
				PRODUCT_NAME = "$(TARGET_NAME)";
				SWIFT_VERSION = 4.2;
				TARGETED_DEVICE_FAMILY = "1,2";
			};
			name = Debug;
		};
		04629106220990B3002356A7 /* Release */ = {
			isa = XCBuildConfiguration;
			baseConfigurationReference = 1D9C159C303A5EE13CE09EA3 /* Pods-moviesTMDB.release.xcconfig */;
			buildSettings = {
				ASSETCATALOG_COMPILER_APPICON_NAME = AppIcon;
				CODE_SIGN_STYLE = Automatic;
				DEVELOPMENT_TEAM = 3NMBA2WU8N;
				INFOPLIST_FILE = moviesTMDB/Info.plist;
				LD_RUNPATH_SEARCH_PATHS = (
					"$(inherited)",
					"@executable_path/Frameworks",
				);
				PRODUCT_BUNDLE_IDENTIFIER = yosra.moviesTMDB;
				PRODUCT_NAME = "$(TARGET_NAME)";
				SWIFT_VERSION = 4.2;
				TARGETED_DEVICE_FAMILY = "1,2";
			};
			name = Release;
		};
/* End XCBuildConfiguration section */

/* Begin XCConfigurationList section */
		046290EA220990AF002356A7 /* Build configuration list for PBXProject "moviesTMDB" */ = {
			isa = XCConfigurationList;
			buildConfigurations = (
				04629102220990B3002356A7 /* Debug */,
				04629103220990B3002356A7 /* Release */,
			);
			defaultConfigurationIsVisible = 0;
			defaultConfigurationName = Release;
		};
		04629104220990B3002356A7 /* Build configuration list for PBXNativeTarget "moviesTMDB" */ = {
			isa = XCConfigurationList;
			buildConfigurations = (
				04629105220990B3002356A7 /* Debug */,
				04629106220990B3002356A7 /* Release */,
			);
			defaultConfigurationIsVisible = 0;
			defaultConfigurationName = Release;
		};
/* End XCConfigurationList section */

/* Begin XCVersionGroup section */
		046290F9220990AF002356A7 /* moviesTMDB.xcdatamodeld */ = {
			isa = XCVersionGroup;
			children = (
				046290FA220990AF002356A7 /* moviesTMDB.xcdatamodel */,
			);
			currentVersion = 046290FA220990AF002356A7 /* moviesTMDB.xcdatamodel */;
			path = moviesTMDB.xcdatamodeld;
			sourceTree = "<group>";
			versionGroupType = wrapper.xcdatamodel;
		};
/* End XCVersionGroup section */
	};
	rootObject = 046290E7220990AF002356A7 /* Project object */;
}
